# This file is automatically @generated by Cargo.
# It is not intended for manual editing.
version = 3

[[package]]
name = "adler"
version = "1.0.2"
source = "registry+https://github.com/rust-lang/crates.io-index"
checksum = "f26201604c87b1e01bd3d98f8d5d9a8fcbb815e8cedb41ffccbeb4bf593a35fe"

[[package]]
name = "arbitrary"
version = "1.1.3"
source = "registry+https://github.com/rust-lang/crates.io-index"
checksum = "5a7924531f38b1970ff630f03eb20a2fde69db5c590c93b0f3482e95dcc5fd60"

[[package]]
name = "arrayvec"
version = "0.7.2"
source = "registry+https://github.com/rust-lang/crates.io-index"
checksum = "8da52d66c7071e2e3fa2a1e5c6d088fec47b593032b254f5e980de8ea54454d6"

[[package]]
name = "base64"
version = "0.13.0"
source = "registry+https://github.com/rust-lang/crates.io-index"
checksum = "904dfeac50f3cdaba28fc6f57fdcddb75f49ed61346676a78c4ffe55877802fd"

[[package]]
name = "bitflags"
version = "1.3.2"
source = "registry+https://github.com/rust-lang/crates.io-index"
checksum = "bef38d45163c2f1dde094a7dfd33ccf595c92905c8f8f4fdc18d06fb1037718a"

[[package]]
name = "bytemuck"
version = "1.11.0"
source = "registry+https://github.com/rust-lang/crates.io-index"
checksum = "a5377c8865e74a160d21f29c2d40669f53286db6eab59b88540cbb12ffc8b835"

[[package]]
name = "cc"
version = "1.0.73"
source = "registry+https://github.com/rust-lang/crates.io-index"
checksum = "2fff2a6927b3bb87f9595d67196a70493f627687a71d87a0d692242c33f58c11"

[[package]]
name = "cfg-if"
version = "1.0.0"
source = "registry+https://github.com/rust-lang/crates.io-index"
checksum = "baf1de4339761588bc0619e3cbc0120ee582ebb74b53b4efbf79117bd2da40fd"

[[package]]
name = "crc32fast"
version = "1.3.2"
source = "registry+https://github.com/rust-lang/crates.io-index"
checksum = "b540bd8bc810d3885c6ea91e2018302f68baba2129ab3e88f32389ee9370880d"
dependencies = [
 "cfg-if",
]

[[package]]
name = "data-url"
version = "0.1.1"
source = "registry+https://github.com/rust-lang/crates.io-index"
checksum = "3a30bfce702bcfa94e906ef82421f2c0e61c076ad76030c16ee5d2e9a32fe193"
dependencies = [
 "matches",
]

[[package]]
name = "flate2"
version = "1.0.24"
source = "registry+https://github.com/rust-lang/crates.io-index"
checksum = "f82b0f4c27ad9f8bfd1f3208d882da2b09c301bc1c828fd3a00d0216d2fbbff6"
dependencies = [
 "crc32fast",
 "miniz_oxide",
]

[[package]]
name = "float-cmp"
version = "0.9.0"
source = "registry+https://github.com/rust-lang/crates.io-index"
checksum = "98de4bbd547a563b716d8dfa9aad1cb19bfab00f4fa09a6a4ed21dbcf44ce9c4"

[[package]]
name = "fontconfig-parser"
version = "0.5.0"
source = "registry+https://github.com/rust-lang/crates.io-index"
checksum = "82cea2adebf32a9b104b8ffb308b5fb3b456f04cc76c294c3c85025c8a5d75f4"
dependencies = [
 "roxmltree",
]

[[package]]
name = "fontdb"
version = "0.9.1"
source = "registry+https://github.com/rust-lang/crates.io-index"
checksum = "122fa73a5566372f9df09768a16e8e3dad7ad18abe07835f1f0b71f84078ba4c"
dependencies = [
 "fontconfig-parser",
 "log",
 "memmap2",
 "ttf-parser",
]

[[package]]
name = "kurbo"
version = "0.8.3"
source = "registry+https://github.com/rust-lang/crates.io-index"
checksum = "7a53776d271cfb873b17c618af0298445c88afc52837f3e948fa3fafd131f449"
dependencies = [
 "arrayvec",
]

[[package]]
name = "libc"
version = "0.2.127"
source = "registry+https://github.com/rust-lang/crates.io-index"
checksum = "505e71a4706fa491e9b1b55f51b95d4037d0821ee40131190475f692b35b009b"

[[package]]
name = "libfuzzer-sys"
version = "0.4.3"
source = "registry+https://github.com/rust-lang/crates.io-index"
checksum = "336244aaeab6a12df46480dc585802aa743a72d66b11937844c61bbca84c991d"
dependencies = [
 "arbitrary",
 "cc",
 "once_cell",
]

[[package]]
name = "log"
version = "0.4.17"
source = "registry+https://github.com/rust-lang/crates.io-index"
checksum = "abb12e687cfb44aa40f41fc3978ef76448f9b6038cad6aef4259d3c095a2382e"
dependencies = [
 "cfg-if",
]

[[package]]
name = "matches"
version = "0.1.9"
source = "registry+https://github.com/rust-lang/crates.io-index"
checksum = "a3e378b66a060d48947b590737b30a1be76706c8dd7b8ba0f2fe3989c68a853f"

[[package]]
name = "memmap2"
version = "0.5.5"
source = "registry+https://github.com/rust-lang/crates.io-index"
checksum = "3a79b39c93a7a5a27eeaf9a23b5ff43f1b9e0ad6b1cdd441140ae53c35613fc7"
dependencies = [
 "libc",
]

[[package]]
name = "miniz_oxide"
version = "0.5.3"
source = "registry+https://github.com/rust-lang/crates.io-index"
checksum = "6f5c75688da582b8ffc1f1799e9db273f32133c49e048f614d22ec3256773ccc"
dependencies = [
 "adler",
]

[[package]]
name = "once_cell"
version = "1.13.0"
source = "registry+https://github.com/rust-lang/crates.io-index"
checksum = "18a6dbe30758c9f83eb00cbea4ac95966305f5a7772f3f42ebfc7fc7eddbd8e1"

[[package]]
name = "pico-args"
version = "0.5.0"
source = "registry+https://github.com/rust-lang/crates.io-index"
checksum = "5be167a7af36ee22fe3115051bc51f6e6c7054c9348e28deb4f49bd6f705a315"

[[package]]
name = "rctree"
version = "0.4.0"
source = "registry+https://github.com/rust-lang/crates.io-index"
checksum = "9ae028b272a6e99d9f8260ceefa3caa09300a8d6c8d2b2001316474bc52122e9"

[[package]]
name = "roxmltree"
version = "0.14.1"
source = "registry+https://github.com/rust-lang/crates.io-index"
checksum = "921904a62e410e37e215c40381b7117f830d9d89ba60ab5236170541dd25646b"
dependencies = [
 "xmlparser",
]

[[package]]
name = "rustybuzz"
version = "0.5.1"
source = "registry+https://github.com/rust-lang/crates.io-index"
checksum = "a617c811f5c9a7060fe511d35d13bf5b9f0463ce36d63ce666d05779df2b4eba"
dependencies = [
 "bitflags",
 "bytemuck",
 "smallvec",
 "ttf-parser",
 "unicode-bidi-mirroring",
 "unicode-ccc",
 "unicode-general-category",
 "unicode-script",
]

[[package]]
name = "simplecss"
version = "0.2.1"
source = "registry+https://github.com/rust-lang/crates.io-index"
checksum = "a11be7c62927d9427e9f40f3444d5499d868648e2edbc4e2116de69e7ec0e89d"
dependencies = [
 "log",
]

[[package]]
name = "siphasher"
version = "0.3.10"
source = "registry+https://github.com/rust-lang/crates.io-index"
checksum = "7bd3e3206899af3f8b12af284fafc038cc1dc2b41d1b89dd17297221c5d225de"

[[package]]
name = "smallvec"
version = "1.9.0"
source = "registry+https://github.com/rust-lang/crates.io-index"
checksum = "2fd0db749597d91ff862fd1d55ea87f7855a744a8425a64695b6fca237d1dad1"

[[package]]
name = "strict-num"
version = "0.1.0"
source = "registry+https://github.com/rust-lang/crates.io-index"
checksum = "9df65f20698aeed245efdde3628a6b559ea1239bbb871af1b6e3b58c413b2bd1"
dependencies = [
 "float-cmp",
]

[[package]]
name = "svgtypes"
version = "0.8.1"
source = "registry+https://github.com/rust-lang/crates.io-index"
checksum = "cc802f68b144cdf4d8ff21301f9a7863e837c627fde46537e29c05e8a18c85c1"
dependencies = [
 "siphasher",
]

[[package]]
name = "ttf-parser"
version = "0.15.2"
source = "registry+https://github.com/rust-lang/crates.io-index"
checksum = "7b3e06c9b9d80ed6b745c7159c40b311ad2916abb34a49e9be2653b90db0d8dd"

[[package]]
name = "unicode-bidi"
version = "0.3.8"
source = "registry+https://github.com/rust-lang/crates.io-index"
checksum = "099b7128301d285f79ddd55b9a83d5e6b9e97c92e0ea0daebee7263e932de992"

[[package]]
name = "unicode-bidi-mirroring"
version = "0.1.0"
source = "registry+https://github.com/rust-lang/crates.io-index"
checksum = "56d12260fb92d52f9008be7e4bca09f584780eb2266dc8fecc6a192bec561694"

[[package]]
name = "unicode-ccc"
version = "0.1.2"
source = "registry+https://github.com/rust-lang/crates.io-index"
checksum = "cc2520efa644f8268dce4dcd3050eaa7fc044fca03961e9998ac7e2e92b77cf1"

[[package]]
name = "unicode-general-category"
version = "0.4.0"
source = "registry+https://github.com/rust-lang/crates.io-index"
checksum = "07547e3ee45e28326cc23faac56d44f58f16ab23e413db526debce3b0bfd2742"

[[package]]
name = "unicode-script"
version = "0.5.4"
source = "registry+https://github.com/rust-lang/crates.io-index"
checksum = "58dd944fd05f2f0b5c674917aea8a4df6af84f2d8de3fe8d988b95d28fb8fb09"

[[package]]
name = "unicode-vo"
version = "0.1.0"
source = "registry+https://github.com/rust-lang/crates.io-index"
checksum = "b1d386ff53b415b7fe27b50bb44679e2cc4660272694b7b6f3326d8480823a94"

[[package]]
name = "usvg"
version = "0.23.0"
dependencies = [
 "base64",
 "data-url",
 "flate2",
 "fontdb",
 "kurbo",
 "log",
 "pico-args",
 "rctree",
 "roxmltree",
 "rustybuzz",
 "simplecss",
 "siphasher",
 "strict-num",
 "svgtypes",
 "ttf-parser",
 "unicode-bidi",
 "unicode-script",
 "unicode-vo",
 "xmlwriter",
]

[[package]]
name = "usvg-fuzz"
version = "0.0.0"
dependencies = [
 "libfuzzer-sys",
 "usvg",
]

[[package]]
name = "xmlparser"
version = "0.13.3"
source = "registry+https://github.com/rust-lang/crates.io-index"
checksum = "114ba2b24d2167ef6d67d7d04c8cc86522b87f490025f39f0303b7db5bf5e3d8"

[[package]]
name = "xmlwriter"
version = "0.1.0"
source = "registry+https://github.com/rust-lang/crates.io-index"
checksum = "ec7a2a501ed189703dba8b08142f057e887dfc4b2cc4db2d343ac6376ba3e0b9"
